
Microsoft Visual Studio Solution File, Format Version 12.00
# Visual Studio Version 16
VisualStudioVersion = 16.0.32510.428
MinimumVisualStudioVersion = 10.0.40219.1
Project("{FAE04EC0-301F-11D3-BF4B-00C04F79EFBC}") = "WebApiCRUD", "WebApiCRUD\WebApiCRUD.csproj", "{DF0E6B69-0978-483F-B2C4-7693A9D6DC33}"
EndProject
Global
	GlobalSection(SolutionConfigurationPlatforms) = preSolution
		Debug|Any CPU = Debug|Any CPU
		Release|Any CPU = Release|Any CPU
	EndGlobalSection
	GlobalSection(ProjectConfigurationPlatforms) = postSolution
		{DF0E6B69-0978-483F-B2C4-7693A9D6DC33}.Debug|Any CPU.ActiveCfg = Debug|Any CPU
		{DF0E6B69-0978-483F-B2C4-7693A9D6DC33}.Debug|Any CPU.Build.0 = Debug|Any CPU
		{DF0E6B69-0978-483F-B2C4-7693A9D6DC33}.Release|Any CPU.ActiveCfg = Release|Any CPU
		{DF0E6B69-0978-483F-B2C4-7693A9D6DC33}.Release|Any CPU.Build.0 = Release|Any CPU
	EndGlobalSection
	GlobalSection(SolutionProperties) = preSolution
		HideSolutionNode = FALSE
	EndGlobalSection
	GlobalSection(ExtensibilityGlobals) = postSolution
		SolutionGuid = {95C90B9A-9CC8-4CA4-A0DE-5B1367DE21D0}
	EndGlobalSection
EndGlobal
